[[tools.act]]
version = "0.2.82"
backend = "aqua:nektos/act"

[[tools.deno]]
version = "2.6.6"
backend = "core:deno"
"platforms.macos-arm64" = { checksum = "blake3:553fedd994800afb17a372db3b3c512cac33a36e1f8367c0085b669ddff93de5"}

[[tools.task]]
version = "3.48.0"
backend = "aqua:go-task/task"
"platforms.macos-arm64" = { checksum = "sha256:9a2727b7b74821e1a0a1fb17c477a7e84b7f1bbc8c3ca3bf47ed9a9557c2b986", url = "https://github.com/go-task/task/releases/download/v3.48.0/task_darwin_arm64.tar.gz"}
