{
  "version": "5",
  "specifiers": {
    "npm:@types/node@^26.1.0": "26.2.0",
    "npm:@types/vscode@^1.80.0": "1.134.0",
    "npm:typescript@^5.4.0": "5.9.3"
  },
  "npm": {
    "@types/node@26.2.0": {
      "integrity": "sha512-5IviulTZeRNp2vAJ514cc/HUlY5nZ9fCbq9DMyC52BrhFZACo3nI0R7qBxhQmo/d27NFe96ur/b7Wwxklda+kg==",
      "dependencies": [
        "undici-types"
      ]
    },
    "@types/vscode@1.134.0": {
      "integrity": "sha512-NDEu0hg4sF7+vvFsADsktqUJ6f80LHSZvVK2Ovo1XiQ0/VHck1O3zst+ZZyVA/uvz6vo6LcuoqU2q48YMqOwWw=="
    },
    "typescript@5.9.3": {
      "integrity": "sha512-jl1vZzPDinLr9eUt3J/t7V6FgNEw9QjvBPdysz9KfQDD41fQrC2Y4vKQdiaUpFT4bXlb1RHhLpp8wtm6M5TgSw==",
      "bin": true
    },
    "undici-types@8.3.0": {
      "integrity": "sha512-j375ScV60dom+YkPFIfTLcOiPxkN/buHz5GobjLhixFuANaNs3C9l4GmrWqejgXWJ7BbJcFYpTEUkS1Ge8bpZQ=="
    }
  },
  "workspace": {
    "packageJson": {
      "dependencies": [
        "npm:@types/node@^26.1.0",
        "npm:@types/vscode@^1.80.0",
        "npm:typescript@^5.4.0"
      ]
    }
  }
}
